
Microsoft Visual Studio Solution File, Format Version 12.00
# Visual Studio 15
VisualStudioVersion = 15.0.28307.329
MinimumVisualStudioVersion = 10.0.40219.1
Project("{9A19103F-16F7-4668-BE54-9A1E7A4F7556}") = "WebApplication", "WebApplication\WebApplication.csproj", "{28E06DDC-59DB-4366-AE13-4995310CC606}"
EndProject
Project("{00D1A9C2-B5F0-4AF3-8072-F6C62B433612}") = "EmployeeDB", "Database1\EmployeeDB.sqlproj", "{1E93921E-A6D1-45FD-9E3E-BC1196C229BB}"
EndProject
Global
	GlobalSection(SolutionConfigurationPlatforms) = preSolution
		Debug|Any CPU = Debug|Any CPU
		Release|Any CPU = Release|Any CPU
	EndGlobalSection
	GlobalSection(ProjectConfigurationPlatforms) = postSolution
		{28E06DDC-59DB-4366-AE13-4995310CC606}.Debug|Any CPU.ActiveCfg = Debug|Any CPU
		{28E06DDC-59DB-4366-AE13-4995310CC606}.Debug|Any CPU.Build.0 = Debug|Any CPU
		{28E06DDC-59DB-4366-AE13-4995310CC606}.Release|Any CPU.ActiveCfg = Release|Any CPU
		{28E06DDC-59DB-4366-AE13-4995310CC606}.Release|Any CPU.Build.0 = Release|Any CPU
		{1E93921E-A6D1-45FD-9E3E-BC1196C229BB}.Debug|Any CPU.ActiveCfg = Debug|Any CPU
		{1E93921E-A6D1-45FD-9E3E-BC1196C229BB}.Debug|Any CPU.Build.0 = Debug|Any CPU
		{1E93921E-A6D1-45FD-9E3E-BC1196C229BB}.Debug|Any CPU.Deploy.0 = Debug|Any CPU
		{1E93921E-A6D1-45FD-9E3E-BC1196C229BB}.Release|Any CPU.ActiveCfg = Release|Any CPU
		{1E93921E-A6D1-45FD-9E3E-BC1196C229BB}.Release|Any CPU.Build.0 = Release|Any CPU
		{1E93921E-A6D1-45FD-9E3E-BC1196C229BB}.Release|Any CPU.Deploy.0 = Release|Any CPU
	EndGlobalSection
	GlobalSection(SolutionProperties) = preSolution
		HideSolutionNode = FALSE
	EndGlobalSection
	GlobalSection(ExtensibilityGlobals) = postSolution
		SolutionGuid = {69B3AED5-548A-40B4-9465-7FACC9811C56}
	EndGlobalSection
EndGlobal
